
Microsoft Visual Studio Solution File, Format Version 12.00
# Visual Studio 2013
VisualStudioVersion = 12.0.21005.1
MinimumVisualStudioVersion = 10.0.40219.1
Project("{FAE04EC0-301F-11D3-BF4B-00C04F79EFBC}") = "SQL_Exec", "SQLDev\SQL_Exec.csproj", "{4E44D489-7559-4DEA-8A8E-89B4828BAC55}"
EndProject
Project("{FAE04EC0-301F-11D3-BF4B-00C04F79EFBC}") = "Hashing", "CheckSum\Hashing.csproj", "{A1384383-D81C-4A39-BF55-599F94C71575}"
EndProject
Project("{FAE04EC0-301F-11D3-BF4B-00C04F79EFBC}") = "Task_Generation", "Task_Generation\Task_Generation.csproj", "{B5483247-2DB5-4FA2-942E-8DEE1D5432A0}"
EndProject
Project("{FAE04EC0-301F-11D3-BF4B-00C04F79EFBC}") = "DataLib", "DataLib\DataLib.csproj", "{5E735BBD-518D-4209-A014-0F3AA14B9E3E}"
EndProject
Project("{2150E333-8FDC-42A3-9474-1A3956D46DE8}") = "Solution Items", "Solution Items", "{738FAE68-74EC-4EC3-B354-AA9D6337B80A}"
	ProjectSection(SolutionItems) = preProject
		D:\student.json = D:\student.json
	EndProjectSection
EndProject
Global
	GlobalSection(SolutionConfigurationPlatforms) = preSolution
		Debug|Any CPU = Debug|Any CPU
		Release|Any CPU = Release|Any CPU
	EndGlobalSection
	GlobalSection(ProjectConfigurationPlatforms) = postSolution
		{4E44D489-7559-4DEA-8A8E-89B4828BAC55}.Debug|Any CPU.ActiveCfg = Debug|Any CPU
		{4E44D489-7559-4DEA-8A8E-89B4828BAC55}.Debug|Any CPU.Build.0 = Debug|Any CPU
		{4E44D489-7559-4DEA-8A8E-89B4828BAC55}.Release|Any CPU.ActiveCfg = Release|Any CPU
		{4E44D489-7559-4DEA-8A8E-89B4828BAC55}.Release|Any CPU.Build.0 = Release|Any CPU
		{A1384383-D81C-4A39-BF55-599F94C71575}.Debug|Any CPU.ActiveCfg = Debug|Any CPU
		{A1384383-D81C-4A39-BF55-599F94C71575}.Debug|Any CPU.Build.0 = Debug|Any CPU
		{A1384383-D81C-4A39-BF55-599F94C71575}.Release|Any CPU.ActiveCfg = Release|Any CPU
		{A1384383-D81C-4A39-BF55-599F94C71575}.Release|Any CPU.Build.0 = Release|Any CPU
		{B5483247-2DB5-4FA2-942E-8DEE1D5432A0}.Debug|Any CPU.ActiveCfg = Debug|Any CPU
		{B5483247-2DB5-4FA2-942E-8DEE1D5432A0}.Debug|Any CPU.Build.0 = Debug|Any CPU
		{B5483247-2DB5-4FA2-942E-8DEE1D5432A0}.Release|Any CPU.ActiveCfg = Release|Any CPU
		{B5483247-2DB5-4FA2-942E-8DEE1D5432A0}.Release|Any CPU.Build.0 = Release|Any CPU
		{5E735BBD-518D-4209-A014-0F3AA14B9E3E}.Debug|Any CPU.ActiveCfg = Debug|Any CPU
		{5E735BBD-518D-4209-A014-0F3AA14B9E3E}.Debug|Any CPU.Build.0 = Debug|Any CPU
		{5E735BBD-518D-4209-A014-0F3AA14B9E3E}.Release|Any CPU.ActiveCfg = Release|Any CPU
		{5E735BBD-518D-4209-A014-0F3AA14B9E3E}.Release|Any CPU.Build.0 = Release|Any CPU
	EndGlobalSection
	GlobalSection(SolutionProperties) = preSolution
		HideSolutionNode = FALSE
	EndGlobalSection
EndGlobal
